
Microsoft Visual Studio Solution File, Format Version 12.00
# Visual Studio Version 17
VisualStudioVersion = 17.8.34112.27
MinimumVisualStudioVersion = 10.0.40219.1
Project("{8BC9CEB8-8B4A-11D0-8D11-00A0C91BC942}") = "CSDN-Purify", "Csdn-Watermark-AutoRemove\Csdn-Watermark-AutoRemove.vcxproj", "{EF9911AD-8210-47FD-95EE-123A45F7B3EE}"
EndProject
Global
	GlobalSection(SolutionConfigurationPlatforms) = preSolution
		Debug|x64 = Debug|x64
		Debug|x86 = Debug|x86
		Release|x64 = Release|x64
		Release|x86 = Release|x86
	EndGlobalSection
	GlobalSection(ProjectConfigurationPlatforms) = postSolution
		{EF9911AD-8210-47FD-95EE-123A45F7B3EE}.Debug|x64.ActiveCfg = Debug|x64
		{EF9911AD-8210-47FD-95EE-123A45F7B3EE}.Debug|x64.Build.0 = Debug|x64
		{EF9911AD-8210-47FD-95EE-123A45F7B3EE}.Debug|x86.ActiveCfg = Debug|Win32
		{EF9911AD-8210-47FD-95EE-123A45F7B3EE}.Debug|x86.Build.0 = Debug|Win32
		{EF9911AD-8210-47FD-95EE-123A45F7B3EE}.Release|x64.ActiveCfg = Release|x64
		{EF9911AD-8210-47FD-95EE-123A45F7B3EE}.Release|x64.Build.0 = Release|x64
		{EF9911AD-8210-47FD-95EE-123A45F7B3EE}.Release|x86.ActiveCfg = Release|Win32
		{EF9911AD-8210-47FD-95EE-123A45F7B3EE}.Release|x86.Build.0 = Release|Win32
	EndGlobalSection
	GlobalSection(SolutionProperties) = preSolution
		HideSolutionNode = FALSE
	EndGlobalSection
	GlobalSection(ExtensibilityGlobals) = postSolution
		SolutionGuid = {621E74E9-3732-4C5F-9968-0991CE885847}
	EndGlobalSection
EndGlobal
